// !$*UTF8*$!
{
	archiveVersion = 1;
	classes = {
	};
	objectVersion = 46;
	objects = {

/* Begin PBXBuildFile section */
		179F53B41D4C0FF80034670E /* AppDelegate.swift in Sources */ = {isa = PBXBuildFile; fileRef = 179F53B31D4C0FF80034670E /* AppDelegate.swift */; };
		179F53B61D4C0FF80034670E /* ViewController.swift in Sources */ = {isa = PBXBuildFile; fileRef = 179F53B51D4C0FF80034670E /* ViewController.swift */; };
		179F53B91D4C0FF90034670E /* Main.storyboard in Resources */ = {isa = PBXBuildFile; fileRef = 179F53B71D4C0FF90034670E /* Main.storyboard */; };
		179F53BB1D4C0FF90034670E /* Assets.xcassets in Resources */ = {isa = PBXBuildFile; fileRef = 179F53BA1D4C0FF90034670E /* Assets.xcassets */; };
		179F53BE1D4C0FF90034670E /* LaunchScreen.storyboard in Resources */ = {isa = PBXBuildFile; fileRef = 179F53BC1D4C0FF90034670E /* LaunchScreen.storyboard */; };
		179F53C91D4C0FF90034670E /* MusicVideoTests.swift in Sources */ = {isa = PBXBuildFile; fileRef = 179F53C81D4C0FF90034670E /* MusicVideoTests.swift */; };
		179F53D41D4C0FF90034670E /* MusicVideoUITests.swift in Sources */ = {isa = PBXBuildFile; fileRef = 179F53D31D4C0FF90034670E /* MusicVideoUITests.swift */; };
		179F53E61D4C22A30034670E /* APIManager.swift in Sources */ = {isa = PBXBuildFile; fileRef = 179F53E51D4C22A30034670E /* APIManager.swift */; };
/* End PBXBuildFile section */

/* Begin PBXContainerItemProxy section */
		179F53C51D4C0FF90034670E /* PBXContainerItemProxy */ = {
			isa = PBXContainerItemProxy;
			containerPortal = 179F53A81D4C0FF80034670E /* Project object */;
			proxyType = 1;
			remoteGlobalIDString = 179F53AF1D4C0FF80034670E;
			remoteInfo = MusicVideo;
		};
		179F53D01D4C0FF90034670E /* PBXContainerItemProxy */ = {
			isa = PBXContainerItemProxy;
			containerPortal = 179F53A81D4C0FF80034670E /* Project object */;
			proxyType = 1;
			remoteGlobalIDString = 179F53AF1D4C0FF80034670E;
			remoteInfo = MusicVideo;
		};
/* End PBXContainerItemProxy section */

/* Begin PBXFileReference section */
		179F53B01D4C0FF80034670E /* MusicVideo.app */ = {isa = PBXFileReference; explicitFileType = wrapper.application; includeInIndex = 0; path = MusicVideo.app; sourceTree = BUILT_PRODUCTS_DIR; };
		179F53B31D4C0FF80034670E /* AppDelegate.swift */ = {isa = PBXFileReference; lastKnownFileType = sourcecode.swift; name = AppDelegate.swift; path = MusicVideo/AppDelegate.swift; sourceTree = "<group>"; };
		179F53B51D4C0FF80034670E /* ViewController.swift */ = {isa = PBXFileReference; lastKnownFileType = sourcecode.swift; path = ViewController.swift; sourceTree = "<group>"; };
		179F53B81D4C0FF90034670E /* Base */ = {isa = PBXFileReference; lastKnownFileType = file.storyboard; name = Base; path = Base.lproj/Main.storyboard; sourceTree = "<group>"; };
		179F53BA1D4C0FF90034670E /* Assets.xcassets */ = {isa = PBXFileReference; lastKnownFileType = folder.assetcatalog; name = Assets.xcassets; path = MusicVideo/Assets.xcassets; sourceTree = "<group>"; };
		179F53BD1D4C0FF90034670E /* Base */ = {isa = PBXFileReference; lastKnownFileType = file.storyboard; name = Base; path = Base.lproj/LaunchScreen.storyboard; sourceTree = "<group>"; };
		179F53BF1D4C0FF90034670E /* Info.plist */ = {isa = PBXFileReference; lastKnownFileType = text.plist.xml; name = Info.plist; path = MusicVideo/Info.plist; sourceTree = "<group>"; };
		179F53C41D4C0FF90034670E /* MusicVideoTests.xctest */ = {isa = PBXFileReference; explicitFileType = wrapper.cfbundle; includeInIndex = 0; path = MusicVideoTests.xctest; sourceTree = BUILT_PRODUCTS_DIR; };
		179F53C81D4C0FF90034670E /* MusicVideoTests.swift */ = {isa = PBXFileReference; lastKnownFileType = sourcecode.swift; path = MusicVideoTests.swift; sourceTree = "<group>"; };
		179F53CA1D4C0FF90034670E /* Info.plist */ = {isa = PBXFileReference; lastKnownFileType = text.plist.xml; path = Info.plist; sourceTree = "<group>"; };
		179F53CF1D4C0FF90034670E /* MusicVideoUITests.xctest */ = {isa = PBXFileReference; explicitFileType = wrapper.cfbundle; includeInIndex = 0; path = MusicVideoUITests.xctest; sourceTree = BUILT_PRODUCTS_DIR; };
		179F53D31D4C0FF90034670E /* MusicVideoUITests.swift */ = {isa = PBXFileReference; lastKnownFileType = sourcecode.swift; path = MusicVideoUITests.swift; sourceTree = "<group>"; };
		179F53D51D4C0FF90034670E /* Info.plist */ = {isa = PBXFileReference; lastKnownFileType = text.plist.xml; path = Info.plist; sourceTree = "<group>"; };
		179F53E51D4C22A30034670E /* APIManager.swift */ = {isa = PBXFileReference; fileEncoding = 4; lastKnownFileType = sourcecode.swift; path = APIManager.swift; sourceTree = "<group>"; };
/* End PBXFileReference section */

/* Begin PBXFrameworksBuildPhase section */
		179F53AD1D4C0FF80034670E /* Frameworks */ = {
			isa = PBXFrameworksBuildPhase;
			buildActionMask = 2147483647;
			files = (
			);
			runOnlyForDeploymentPostprocessing = 0;
		};
		179F53C11D4C0FF90034670E /* Frameworks */ = {
			isa = PBXFrameworksBuildPhase;
			buildActionMask = 2147483647;
			files = (
			);
			runOnlyForDeploymentPostprocessing = 0;
		};
		179F53CC1D4C0FF90034670E /* Frameworks */ = {
			isa = PBXFrameworksBuildPhase;
			buildActionMask = 2147483647;
			files = (
			);
			runOnlyForDeploymentPostprocessing = 0;
		};
/* End PBXFrameworksBuildPhase section */

/* Begin PBXGroup section */
		179F53A71D4C0FF80034670E = {
			isa = PBXGroup;
			children = (
				179F53B21D4C0FF80034670E /* MusicVideo */,
				179F53E41D4C106A0034670E /* Supporting Flies */,
				179F53C71D4C0FF90034670E /* MusicVideoTests */,
				179F53D21D4C0FF90034670E /* MusicVideoUITests */,
				179F53B11D4C0FF80034670E /* Products */,
			);
			sourceTree = "<group>";
		};
		179F53B11D4C0FF80034670E /* Products */ = {
			isa = PBXGroup;
			children = (
				179F53B01D4C0FF80034670E /* MusicVideo.app */,
				179F53C41D4C0FF90034670E /* MusicVideoTests.xctest */,
				179F53CF1D4C0FF90034670E /* MusicVideoUITests.xctest */,
			);
			name = Products;
			sourceTree = "<group>";
		};
		179F53B21D4C0FF80034670E /* MusicVideo */ = {
			isa = PBXGroup;
			children = (
				179F53E31D4C104F0034670E /* Model */,
				179F53E21D4C10460034670E /* View */,
				179F53E11D4C10350034670E /* Controller */,
			);
			path = MusicVideo;
			sourceTree = "<group>";
		};
		179F53C71D4C0FF90034670E /* MusicVideoTests */ = {
			isa = PBXGroup;
			children = (
				179F53C81D4C0FF90034670E /* MusicVideoTests.swift */,
				179F53CA1D4C0FF90034670E /* Info.plist */,
			);
			path = MusicVideoTests;
			sourceTree = "<group>";
		};
		179F53D21D4C0FF90034670E /* MusicVideoUITests */ = {
			isa = PBXGroup;
			children = (
				179F53D31D4C0FF90034670E /* MusicVideoUITests.swift */,
				179F53D51D4C0FF90034670E /* Info.plist */,
			);
			path = MusicVideoUITests;
			sourceTree = "<group>";
		};
		179F53E11D4C10350034670E /* Controller */ = {
			isa = PBXGroup;
			children = (
				179F53B51D4C0FF80034670E /* ViewController.swift */,
			);
			name = Controller;
			sourceTree = "<group>";
		};
		179F53E21D4C10460034670E /* View */ = {
			isa = PBXGroup;
			children = (
				179F53B71D4C0FF90034670E /* Main.storyboard */,
				179F53BC1D4C0FF90034670E /* LaunchScreen.storyboard */,
			);
			name = View;
			sourceTree = "<group>";
		};
		179F53E31D4C104F0034670E /* Model */ = {
			isa = PBXGroup;
			children = (
				179F53E51D4C22A30034670E /* APIManager.swift */,
			);
			name = Model;
			path = ..;
			sourceTree = "<group>";
		};
		179F53E41D4C106A0034670E /* Supporting Flies */ = {
			isa = PBXGroup;
			children = (
				179F53B31D4C0FF80034670E /* AppDelegate.swift */,
				179F53BA1D4C0FF90034670E /* Assets.xcassets */,
				179F53BF1D4C0FF90034670E /* Info.plist */,
			);
			name = "Supporting Flies";
			sourceTree = "<group>";
		};
/* End PBXGroup section */

/* Begin PBXNativeTarget section */
		179F53AF1D4C0FF80034670E /* MusicVideo */ = {
			isa = PBXNativeTarget;
			buildConfigurationList = 179F53D81D4C0FF90034670E /* Build configuration list for PBXNativeTarget "MusicVideo" */;
			buildPhases = (
				179F53AC1D4C0FF80034670E /* Sources */,
				179F53AD1D4C0FF80034670E /* Frameworks */,
				179F53AE1D4C0FF80034670E /* Resources */,
			);
			buildRules = (
			);
			dependencies = (
			);
			name = MusicVideo;
			productName = MusicVideo;
			productReference = 179F53B01D4C0FF80034670E /* MusicVideo.app */;
			productType = "com.apple.product-type.application";
		};
		179F53C31D4C0FF90034670E /* MusicVideoTests */ = {
			isa = PBXNativeTarget;
			buildConfigurationList = 179F53DB1D4C0FF90034670E /* Build configuration list for PBXNativeTarget "MusicVideoTests" */;
			buildPhases = (
				179F53C01D4C0FF90034670E /* Sources */,
				179F53C11D4C0FF90034670E /* Frameworks */,
				179F53C21D4C0FF90034670E /* Resources */,
			);
			buildRules = (
			);
			dependencies = (
				179F53C61D4C0FF90034670E /* PBXTargetDependency */,
			);
			name = MusicVideoTests;
			productName = MusicVideoTests;
			productReference = 179F53C41D4C0FF90034670E /* MusicVideoTests.xctest */;
			productType = "com.apple.product-type.bundle.unit-test";
		};
		179F53CE1D4C0FF90034670E /* MusicVideoUITests */ = {
			isa = PBXNativeTarget;
			buildConfigurationList = 179F53DE1D4C0FF90034670E /* Build configuration list for PBXNativeTarget "MusicVideoUITests" */;
			buildPhases = (
				179F53CB1D4C0FF90034670E /* Sources */,
				179F53CC1D4C0FF90034670E /* Frameworks */,
				179F53CD1D4C0FF90034670E /* Resources */,
			);
			buildRules = (
			);
			dependencies = (
				179F53D11D4C0FF90034670E /* PBXTargetDependency */,
			);
			name = MusicVideoUITests;
			productName = MusicVideoUITests;
			productReference = 179F53CF1D4C0FF90034670E /* MusicVideoUITests.xctest */;
			productType = "com.apple.product-type.bundle.ui-testing";
		};
/* End PBXNativeTarget section */

/* Begin PBXProject section */
		179F53A81D4C0FF80034670E /* Project object */ = {
			isa = PBXProject;
			attributes = {
				LastSwiftUpdateCheck = 0730;
				LastUpgradeCheck = 0730;
				ORGANIZATIONNAME = "Bit Smartz LLC";
				TargetAttributes = {
					179F53AF1D4C0FF80034670E = {
						CreatedOnToolsVersion = 7.3.1;
						DevelopmentTeam = YFK43C2PXL;
					};
					179F53C31D4C0FF90034670E = {
						CreatedOnToolsVersion = 7.3.1;
						TestTargetID = 179F53AF1D4C0FF80034670E;
					};
					179F53CE1D4C0FF90034670E = {
						CreatedOnToolsVersion = 7.3.1;
						TestTargetID = 179F53AF1D4C0FF80034670E;
					};
				};
			};
			buildConfigurationList = 179F53AB1D4C0FF80034670E /* Build configuration list for PBXProject "MusicVideo" */;
			compatibilityVersion = "Xcode 3.2";
			developmentRegion = English;
			hasScannedForEncodings = 0;
			knownRegions = (
				en,
				Base,
			);
			mainGroup = 179F53A71D4C0FF80034670E;
			productRefGroup = 179F53B11D4C0FF80034670E /* Products */;
			projectDirPath = "";
			projectRoot = "";
			targets = (
				179F53AF1D4C0FF80034670E /* MusicVideo */,
				179F53C31D4C0FF90034670E /* MusicVideoTests */,
				179F53CE1D4C0FF90034670E /* MusicVideoUITests */,
			);
		};
/* End PBXProject section */

/* Begin PBXResourcesBuildPhase section */
		179F53AE1D4C0FF80034670E /* Resources */ = {
			isa = PBXResourcesBuildPhase;
			buildActionMask = 2147483647;
			files = (
				179F53BE1D4C0FF90034670E /* LaunchScreen.storyboard in Resources */,
				179F53BB1D4C0FF90034670E /* Assets.xcassets in Resources */,
				179F53B91D4C0FF90034670E /* Main.storyboard in Resources */,
			);
			runOnlyForDeploymentPostprocessing = 0;
		};
		179F53C21D4C0FF90034670E /* Resources */ = {
			isa = PBXResourcesBuildPhase;
			buildActionMask = 2147483647;
			files = (
			);
			runOnlyForDeploymentPostprocessing = 0;
		};
		179F53CD1D4C0FF90034670E /* Resources */ = {
			isa = PBXResourcesBuildPhase;
			buildActionMask = 2147483647;
			files = (
			);
			runOnlyForDeploymentPostprocessing = 0;
		};
/* End PBXResourcesBuildPhase section */

/* Begin PBXSourcesBuildPhase section */
		179F53AC1D4C0FF80034670E /* Sources */ = {
			isa = PBXSourcesBuildPhase;
			buildActionMask = 2147483647;
			files = (
				179F53E61D4C22A30034670E /* APIManager.swift in Sources */,
				179F53B61D4C0FF80034670E /* ViewController.swift in Sources */,
				179F53B41D4C0FF80034670E /* AppDelegate.swift in Sources */,
			);
			runOnlyForDeploymentPostprocessing = 0;
		};
		179F53C01D4C0FF90034670E /* Sources */ = {
			isa = PBXSourcesBuildPhase;
			buildActionMask = 2147483647;
			files = (
				179F53C91D4C0FF90034670E /* MusicVideoTests.swift in Sources */,
			);
			runOnlyForDeploymentPostprocessing = 0;
		};
		179F53CB1D4C0FF90034670E /* Sources */ = {
			isa = PBXSourcesBuildPhase;
			buildActionMask = 2147483647;
			files = (
				179F53D41D4C0FF90034670E /* MusicVideoUITests.swift in Sources */,
			);
			runOnlyForDeploymentPostprocessing = 0;
		};
/* End PBXSourcesBuildPhase section */

/* Begin PBXTargetDependency section */
		179F53C61D4C0FF90034670E /* PBXTargetDependency */ = {
			isa = PBXTargetDependency;
			target = 179F53AF1D4C0FF80034670E /* MusicVideo */;
			targetProxy = 179F53C51D4C0FF90034670E /* PBXContainerItemProxy */;
		};
		179F53D11D4C0FF90034670E /* PBXTargetDependency */ = {
			isa = PBXTargetDependency;
			target = 179F53AF1D4C0FF80034670E /* MusicVideo */;
			targetProxy = 179F53D01D4C0FF90034670E /* PBXContainerItemProxy */;
		};
/* End PBXTargetDependency section */

/* Begin PBXVariantGroup section */
		179F53B71D4C0FF90034670E /* Main.storyboard */ = {
			isa = PBXVariantGroup;
			children = (
				179F53B81D4C0FF90034670E /* Base */,
			);
			name = Main.storyboard;
			sourceTree = "<group>";
		};
		179F53BC1D4C0FF90034670E /* LaunchScreen.storyboard */ = {
			isa = PBXVariantGroup;
			children = (
				179F53BD1D4C0FF90034670E /* Base */,
			);
			name = LaunchScreen.storyboard;
			sourceTree = "<group>";
		};
/* End PBXVariantGroup section */

/* Begin XCBuildConfiguration section */
		179F53D61D4C0FF90034670E /* Debug */ = {
			isa = XCBuildConfiguration;
			buildSettings = {
				ALWAYS_SEARCH_USER_PATHS = NO;
				CLANG_ANALYZER_NONNULL = YES;
				CLANG_CXX_LANGUAGE_STANDARD = "gnu++0x";
				CLANG_CXX_LIBRARY = "libc++";
				CLANG_ENABLE_MODULES = YES;
				CLANG_ENABLE_OBJC_ARC = YES;
				CLANG_WARN_BOOL_CONVERSION = YES;
				CLANG_WARN_CONSTANT_CONVERSION = YES;
				CLANG_WARN_DIRECT_OBJC_ISA_USAGE = YES_ERROR;
				CLANG_WARN_EMPTY_BODY = YES;
				CLANG_WARN_ENUM_CONVERSION = YES;
				CLANG_WARN_INT_CONVERSION = YES;
				CLANG_WARN_OBJC_ROOT_CLASS = YES_ERROR;
				CLANG_WARN_UNREACHABLE_CODE = YES;
				CLANG_WARN__DUPLICATE_METHOD_MATCH = YES;
				"CODE_SIGN_IDENTITY[sdk=iphoneos*]" = "iPhone Developer";
				COPY_PHASE_STRIP = NO;
				DEBUG_INFORMATION_FORMAT = dwarf;
				ENABLE_STRICT_OBJC_MSGSEND = YES;
				ENABLE_TESTABILITY = YES;
				GCC_C_LANGUAGE_STANDARD = gnu99;
				GCC_DYNAMIC_NO_PIC = NO;
				GCC_NO_COMMON_BLOCKS = YES;
				GCC_OPTIMIZATION_LEVEL = 0;
				GCC_PREPROCESSOR_DEFINITIONS = (
					"DEBUG=1",
					"$(inherited)",
				);
				GCC_WARN_64_TO_32_BIT_CONVERSION = YES;
				GCC_WARN_ABOUT_RETURN_TYPE = YES_ERROR;
				GCC_WARN_UNDECLARED_SELECTOR = YES;
				GCC_WARN_UNINITIALIZED_AUTOS = YES_AGGRESSIVE;
				GCC_WARN_UNUSED_FUNCTION = YES;
				GCC_WARN_UNUSED_VARIABLE = YES;
				IPHONEOS_DEPLOYMENT_TARGET = 9.3;
				MTL_ENABLE_DEBUG_INFO = YES;
				ONLY_ACTIVE_ARCH = YES;
				SDKROOT = iphoneos;
				SWIFT_OPTIMIZATION_LEVEL = "-Onone";
				TARGETED_DEVICE_FAMILY = "1,2";
			};
			name = Debug;
		};
		179F53D71D4C0FF90034670E /* Release */ = {
			isa = XCBuildConfiguration;
			buildSettings = {
				ALWAYS_SEARCH_USER_PATHS = NO;
				CLANG_ANALYZER_NONNULL = YES;
				CLANG_CXX_LANGUAGE_STANDARD = "gnu++0x";
				CLANG_CXX_LIBRARY = "libc++";
				CLANG_ENABLE_MODULES = YES;
				CLANG_ENABLE_OBJC_ARC = YES;
				CLANG_WARN_BOOL_CONVERSION = YES;
				CLANG_WARN_CONSTANT_CONVERSION = YES;
				CLANG_WARN_DIRECT_OBJC_ISA_USAGE = YES_ERROR;
				CLANG_WARN_EMPTY_BODY = YES;
				CLANG_WARN_ENUM_CONVERSION = YES;
				CLANG_WARN_INT_CONVERSION = YES;
				CLANG_WARN_OBJC_ROOT_CLASS = YES_ERROR;
				CLANG_WARN_UNREACHABLE_CODE = YES;
				CLANG_WARN__DUPLICATE_METHOD_MATCH = YES;
				"CODE_SIGN_IDENTITY[sdk=iphoneos*]" = "iPhone Developer";
				COPY_PHASE_STRIP = NO;
				DEBUG_INFORMATION_FORMAT = "dwarf-with-dsym";
				ENABLE_NS_ASSERTIONS = NO;
				ENABLE_STRICT_OBJC_MSGSEND = YES;
				GCC_C_LANGUAGE_STANDARD = gnu99;
				GCC_NO_COMMON_BLOCKS = YES;
				GCC_WARN_64_TO_32_BIT_CONVERSION = YES;
				GCC_WARN_ABOUT_RETURN_TYPE = YES_ERROR;
				GCC_WARN_UNDECLARED_SELECTOR = YES;
				GCC_WARN_UNINITIALIZED_AUTOS = YES_AGGRESSIVE;
				GCC_WARN_UNUSED_FUNCTION = YES;
				GCC_WARN_UNUSED_VARIABLE = YES;
				IPHONEOS_DEPLOYMENT_TARGET = 9.3;
				MTL_ENABLE_DEBUG_INFO = NO;
				SDKROOT = iphoneos;
				TARGETED_DEVICE_FAMILY = "1,2";
				VALIDATE_PRODUCT = YES;
			};
			name = Release;
		};
		179F53D91D4C0FF90034670E /* Debug */ = {
			isa = XCBuildConfiguration;
			buildSettings = {
				ASSETCATALOG_COMPILER_APPICON_NAME = AppIcon;
				CODE_SIGN_IDENTITY = "iPhone Developer";
				INFOPLIST_FILE = MusicVideo/Info.plist;
				LD_RUNPATH_SEARCH_PATHS = "$(inherited) @executable_path/Frameworks";
				PRODUCT_BUNDLE_IDENTIFIER = com.bitsmartz.MusicVideo;
				PRODUCT_NAME = "$(TARGET_NAME)";
			};
			name = Debug;
		};
		179F53DA1D4C0FF90034670E /* Release */ = {
			isa = XCBuildConfiguration;
			buildSettings = {
				ASSETCATALOG_COMPILER_APPICON_NAME = AppIcon;
				CODE_SIGN_IDENTITY = "iPhone Developer";
				INFOPLIST_FILE = MusicVideo/Info.plist;
				LD_RUNPATH_SEARCH_PATHS = "$(inherited) @executable_path/Frameworks";
				PRODUCT_BUNDLE_IDENTIFIER = com.bitsmartz.MusicVideo;
				PRODUCT_NAME = "$(TARGET_NAME)";
			};
			name = Release;
		};
		179F53DC1D4C0FF90034670E /* Debug */ = {
			isa = XCBuildConfiguration;
			buildSettings = {
				BUNDLE_LOADER = "$(TEST_HOST)";
				INFOPLIST_FILE = MusicVideoTests/Info.plist;
				LD_RUNPATH_SEARCH_PATHS = "$(inherited) @executable_path/Frameworks @loader_path/Frameworks";
				PRODUCT_BUNDLE_IDENTIFIER = com.bitsmartz.MusicVideoTests;
				PRODUCT_NAME = "$(TARGET_NAME)";
				TEST_HOST = "$(BUILT_PRODUCTS_DIR)/MusicVideo.app/MusicVideo";
			};
			name = Debug;
		};
		179F53DD1D4C0FF90034670E /* Release */ = {
			isa = XCBuildConfiguration;
			buildSettings = {
				BUNDLE_LOADER = "$(TEST_HOST)";
				INFOPLIST_FILE = MusicVideoTests/Info.plist;
				LD_RUNPATH_SEARCH_PATHS = "$(inherited) @executable_path/Frameworks @loader_path/Frameworks";
				PRODUCT_BUNDLE_IDENTIFIER = com.bitsmartz.MusicVideoTests;
				PRODUCT_NAME = "$(TARGET_NAME)";
				TEST_HOST = "$(BUILT_PRODUCTS_DIR)/MusicVideo.app/MusicVideo";
			};
			name = Release;
		};
		179F53DF1D4C0FF90034670E /* Debug */ = {
			isa = XCBuildConfiguration;
			buildSettings = {
				INFOPLIST_FILE = MusicVideoUITests/Info.plist;
				LD_RUNPATH_SEARCH_PATHS = "$(inherited) @executable_path/Frameworks @loader_path/Frameworks";
				PRODUCT_BUNDLE_IDENTIFIER = com.bitsmartz.MusicVideoUITests;
				PRODUCT_NAME = "$(TARGET_NAME)";
				TEST_TARGET_NAME = MusicVideo;
			};
			name = Debug;
		};
		179F53E01D4C0FF90034670E /* Release */ = {
			isa = XCBuildConfiguration;
			buildSettings = {
				INFOPLIST_FILE = MusicVideoUITests/Info.plist;
				LD_RUNPATH_SEARCH_PATHS = "$(inherited) @executable_path/Frameworks @loader_path/Frameworks";
				PRODUCT_BUNDLE_IDENTIFIER = com.bitsmartz.MusicVideoUITests;
				PRODUCT_NAME = "$(TARGET_NAME)";
				TEST_TARGET_NAME = MusicVideo;
			};
			name = Release;
		};
/* End XCBuildConfiguration section */

/* Begin XCConfigurationList section */
		179F53AB1D4C0FF80034670E /* Build configuration list for PBXProject "MusicVideo" */ = {
			isa = XCConfigurationList;
			buildConfigurations = (
				179F53D61D4C0FF90034670E /* Debug */,
				179F53D71D4C0FF90034670E /* Release */,
			);
			defaultConfigurationIsVisible = 0;
			defaultConfigurationName = Release;
		};
		179F53D81D4C0FF90034670E /* Build configuration list for PBXNativeTarget "MusicVideo" */ = {
			isa = XCConfigurationList;
			buildConfigurations = (
				179F53D91D4C0FF90034670E /* Debug */,
				179F53DA1D4C0FF90034670E /* Release */,
			);
			defaultConfigurationIsVisible = 0;
		};
		179F53DB1D4C0FF90034670E /* Build configuration list for PBXNativeTarget "MusicVideoTests" */ = {
			isa = XCConfigurationList;
			buildConfigurations = (
				179F53DC1D4C0FF90034670E /* Debug */,
				179F53DD1D4C0FF90034670E /* Release */,
			);
			defaultConfigurationIsVisible = 0;
		};
		179F53DE1D4C0FF90034670E /* Build configuration list for PBXNativeTarget "MusicVideoUITests" */ = {
			isa = XCConfigurationList;
			buildConfigurations = (
				179F53DF1D4C0FF90034670E /* Debug */,
				179F53E01D4C0FF90034670E /* Release */,
			);
			defaultConfigurationIsVisible = 0;
		};
/* End XCConfigurationList section */
	};
	rootObject = 179F53A81D4C0FF80034670E /* Project object */;
}
